
Microsoft Visual Studio Solution File, Format Version 12.00
# Visual Studio 15
VisualStudioVersion = 15.0.26206.0
MinimumVisualStudioVersion = 10.0.40219.1
Project("{9A19103F-16F7-4668-BE54-9A1E7A4F7556}") = "Filters101", "Filters101\Filters101.csproj", "{8E826AB4-4216-4D3E-8B27-928DA27D62AF}"
EndProject
Project("{9A19103F-16F7-4668-BE54-9A1E7A4F7556}") = "IntegrationTests", "IntegrationTests\IntegrationTests.csproj", "{01F0537B-345F-464F-A479-A286208EFCD2}"
EndProject
Global
	GlobalSection(SolutionConfigurationPlatforms) = preSolution
		Debug|Any CPU = Debug|Any CPU
		Release|Any CPU = Release|Any CPU
	EndGlobalSection
	GlobalSection(ProjectConfigurationPlatforms) = postSolution
		{8E826AB4-4216-4D3E-8B27-928DA27D62AF}.Debug|Any CPU.ActiveCfg = Debug|Any CPU
		{8E826AB4-4216-4D3E-8B27-928DA27D62AF}.Debug|Any CPU.Build.0 = Debug|Any CPU
		{8E826AB4-4216-4D3E-8B27-928DA27D62AF}.Release|Any CPU.ActiveCfg = Release|Any CPU
		{8E826AB4-4216-4D3E-8B27-928DA27D62AF}.Release|Any CPU.Build.0 = Release|Any CPU
		{01F0537B-345F-464F-A479-A286208EFCD2}.Debug|Any CPU.ActiveCfg = Debug|Any CPU
		{01F0537B-345F-464F-A479-A286208EFCD2}.Debug|Any CPU.Build.0 = Debug|Any CPU
		{01F0537B-345F-464F-A479-A286208EFCD2}.Release|Any CPU.ActiveCfg = Release|Any CPU
		{01F0537B-345F-464F-A479-A286208EFCD2}.Release|Any CPU.Build.0 = Release|Any CPU
	EndGlobalSection
	GlobalSection(SolutionProperties) = preSolution
		HideSolutionNode = FALSE
	EndGlobalSection
EndGlobal
